
Microsoft Visual Studio Solution File, Format Version 12.00
# Visual Studio 2013
Project("{FAE04EC0-301F-11D3-BF4B-00C04F79EFBC}") = "UnityVS.Descon Unity.CSharp", "UnityVS.Descon Unity.CSharp.csproj", "{FA980E70-6ABC-E019-0BC8-9CD30F43E0C3}"
EndProject
Project("{FAE04EC0-301F-11D3-BF4B-00C04F79EFBC}") = "UnityVS.Descon Unity.CSharp.Editor", "UnityVS.Descon Unity.CSharp.Editor.csproj", "{C0B2BC72-A3FE-4C07-E6D7-CCEA7ACB402A}"
EndProject
Global
	GlobalSection(SolutionConfigurationPlatforms) = preSolution
		Debug|Any CPU = Debug|Any CPU
		Release|Any CPU = Release|Any CPU
	EndGlobalSection
	GlobalSection(ProjectConfigurationPlatforms) = postSolution
		{FA980E70-6ABC-E019-0BC8-9CD30F43E0C3}.Debug|Any CPU.ActiveCfg = Debug|Any CPU
		{FA980E70-6ABC-E019-0BC8-9CD30F43E0C3}.Debug|Any CPU.Build.0 = Debug|Any CPU
		{FA980E70-6ABC-E019-0BC8-9CD30F43E0C3}.Release|Any CPU.ActiveCfg = Release|Any CPU
		{FA980E70-6ABC-E019-0BC8-9CD30F43E0C3}.Release|Any CPU.Build.0 = Release|Any CPU
		{C0B2BC72-A3FE-4C07-E6D7-CCEA7ACB402A}.Debug|Any CPU.ActiveCfg = Debug|Any CPU
		{C0B2BC72-A3FE-4C07-E6D7-CCEA7ACB402A}.Debug|Any CPU.Build.0 = Debug|Any CPU
		{C0B2BC72-A3FE-4C07-E6D7-CCEA7ACB402A}.Release|Any CPU.ActiveCfg = Release|Any CPU
		{C0B2BC72-A3FE-4C07-E6D7-CCEA7ACB402A}.Release|Any CPU.Build.0 = Release|Any CPU
	EndGlobalSection
	GlobalSection(SolutionProperties) = preSolution
		HideSolutionNode = FALSE
	EndGlobalSection
EndGlobal
